Microsoft Visual Studio Solution File, Format Version 12.00
# Visual Studio Version 17
VisualStudioVersion = 17.14.36310.24
MinimumVisualStudioVersion = 10.0.40219.1
Project("{F184B08F-C81C-45F6-A57F-5ABD9991F28F}") = "Analoguhr", "Analoguhr.vbproj", "{C404CFE8-686F-46A9-8A0F-F458BAD16CA1}"
EndProject
Project("{54435603-DBB4-11D2-8724-00A0C9A8B90C}") = "Setup", "..\Setup\Setup.vdproj", "{37FBA43A-1B24-4B4B-8D1F-5696C8FE574A}"
EndProject
Global
	GlobalSection(SolutionConfigurationPlatforms) = preSolution
		Debug|Any CPU = Debug|Any CPU
		Debug|x64 = Debug|x64
		Debug|x86 = Debug|x86
		Release|Any CPU = Release|Any CPU
		Release|x64 = Release|x64
		Release|x86 = Release|x86
	EndGlobalSection
	GlobalSection(ProjectConfigurationPlatforms) = postSolution
		{C404CFE8-686F-46A9-8A0F-F458BAD16CA1}.Debug|Any CPU.ActiveCfg = Debug|Any CPU
		{C404CFE8-686F-46A9-8A0F-F458BAD16CA1}.Debug|Any CPU.Build.0 = Debug|Any CPU
		{C404CFE8-686F-46A9-8A0F-F458BAD16CA1}.Debug|x64.ActiveCfg = Debug|x64
		{C404CFE8-686F-46A9-8A0F-F458BAD16CA1}.Debug|x64.Build.0 = Debug|x64
		{C404CFE8-686F-46A9-8A0F-F458BAD16CA1}.Debug|x86.ActiveCfg = Debug|x86
		{C404CFE8-686F-46A9-8A0F-F458BAD16CA1}.Debug|x86.Build.0 = Debug|x86
		{C404CFE8-686F-46A9-8A0F-F458BAD16CA1}.Release|Any CPU.ActiveCfg = Release|Any CPU
		{C404CFE8-686F-46A9-8A0F-F458BAD16CA1}.Release|Any CPU.Build.0 = Release|Any CPU
		{C404CFE8-686F-46A9-8A0F-F458BAD16CA1}.Release|x64.ActiveCfg = Release|x64
		{C404CFE8-686F-46A9-8A0F-F458BAD16CA1}.Release|x64.Build.0 = Release|x64
		{C404CFE8-686F-46A9-8A0F-F458BAD16CA1}.Release|x86.ActiveCfg = Release|x86
		{C404CFE8-686F-46A9-8A0F-F458BAD16CA1}.Release|x86.Build.0 = Release|x86
		{37FBA43A-1B24-4B4B-8D1F-5696C8FE574A}.Debug|Any CPU.ActiveCfg = Debug
		{37FBA43A-1B24-4B4B-8D1F-5696C8FE574A}.Debug|x64.ActiveCfg = Debug
		{37FBA43A-1B24-4B4B-8D1F-5696C8FE574A}.Debug|x64.Build.0 = Debug
		{37FBA43A-1B24-4B4B-8D1F-5696C8FE574A}.Debug|x86.ActiveCfg = Debug
		{37FBA43A-1B24-4B4B-8D1F-5696C8FE574A}.Debug|x86.Build.0 = Debug
		{37FBA43A-1B24-4B4B-8D1F-5696C8FE574A}.Release|Any CPU.ActiveCfg = Release
		{37FBA43A-1B24-4B4B-8D1F-5696C8FE574A}.Release|Any CPU.Build.0 = Release
		{37FBA43A-1B24-4B4B-8D1F-5696C8FE574A}.Release|x64.ActiveCfg = Release
		{37FBA43A-1B24-4B4B-8D1F-5696C8FE574A}.Release|x64.Build.0 = Release
		{37FBA43A-1B24-4B4B-8D1F-5696C8FE574A}.Release|x86.ActiveCfg = Release
		{37FBA43A-1B24-4B4B-8D1F-5696C8FE574A}.Release|x86.Build.0 = Release
	EndGlobalSection
	GlobalSection(SolutionProperties) = preSolution
		HideSolutionNode = FALSE
	EndGlobalSection
	GlobalSection(ExtensibilityGlobals) = postSolution
		SolutionGuid = {BB0977B8-3BFE-4A82-B6DC-FCE852E2D543}
	EndGlobalSection
EndGlobal
